# THIS IS AN AUTOGENERATED FILE. DO NOT EDIT THIS FILE DIRECTLY.
# yarn lockfile v1


i18next@13.0.1:
  version "13.0.1"
  resolved "https://registry.yarnpkg.com/i18next/-/i18next-13.0.1.tgz#aac758333e01a712710a81447bf033e6a0dbb71c"
  integrity sha512-V9hnqoP7N7aHncb1FYvHcAgKiDTmVpNuIr70QGFTyyNUVlQwz2O393fM0x7JIm0/ZYsoKjZdwtlGKYO4aYJ79Q==
